{
  "name": "artstar",
  "version": "0.0.1",
  "lockfileVersion": 1,
  "requires": true,
  "dependencies": {
    "abbrev": {
      "version": "1.1.1",
      "resolved": "https://registry.npmjs.org/abbrev/-/abbrev-1.1.1.tgz",
      "integrity": "sha512-nne9/IiQ/hzIhY6pdDnbBtz7DjPTKrY00P/zvPSm5pOFkl6xuGrGnXn/VtTNNfNtAfZ9/1RtehkszU9qcTii0Q=="
    },
    "anymatch": {
      "version": "3.0.3",
      "resolved": "https://registry.npmjs.org/anymatch/-/anymatch-3.0.3.tgz",
      "integrity": "sha512-c6IvoeBECQlMVuYUjSwimnhmztImpErfxJzWZhIQinIvQWoGOnB0dLIgifbPHQt5heS6mNlaZG16f06H3C8t1g==",
      "requires": {
        "normalize-path": "^3.0.0",
        "picomatch": "^2.0.4"
      }
    },
    "binary-extensions": {
      "version": "2.0.0",
      "resolved": "https://registry.npmjs.org/binary-extensions/-/binary-extensions-2.0.0.tgz",
      "integrity": "sha512-Phlt0plgpIIBOGTT/ehfFnbNlfsDEiqmzE2KRXoX1bLIlir4X/MR+zSyBEkL05ffWgnRSf/DXv+WrUAVr93/ow=="
    },
    "braces": {
      "version": "3.0.2",
      "resolved": "https://registry.npmjs.org/braces/-/braces-3.0.2.tgz",
      "integrity": "sha512-b8um+L1RzM3WDSzvhm6gIz1yfTbBt6YTlcEKAvsmqCZZFw46z626lVj9j1yEPW33H5H+lBQpZMP1k8l+78Ha0A==",
      "requires": {
        "fill-range": "^7.0.1"
      }
    },
    "child_process": {
      "version": "1.0.2",
      "resolved": "https://registry.npmjs.org/child_process/-/child_process-1.0.2.tgz",
      "integrity": "sha1-sffn/HPSXn/R1FWtyU4UODAYK1o="
    },
    "chokidar": {
      "version": "3.0.2",
      "resolved": "https://registry.npmjs.org/chokidar/-/chokidar-3.0.2.tgz",
      "integrity": "sha512-c4PR2egjNjI1um6bamCQ6bUNPDiyofNQruHvKgHQ4gDUP/ITSVSzNsiI5OWtHOsX323i5ha/kk4YmOZ1Ktg7KA==",
      "requires": {
        "anymatch": "^3.0.1",
        "braces": "^3.0.2",
        "fsevents": "^2.0.6",
        "glob-parent": "^5.0.0",
        "is-binary-path": "^2.1.0",
        "is-glob": "^4.0.1",
        "normalize-path": "^3.0.0",
        "readdirp": "^3.1.1"
      }
    },
    "compile-run": {
      "version": "2.3.1",
      "resolved": "https://registry.npmjs.org/compile-run/-/compile-run-2.3.1.tgz",
      "integrity": "sha512-Ku3s+b0r8YTjfMyYrWOBlj6erfgZ48FKWTFEePr+A7gNCB7oOuAb8kPPx8n9mQ6mFZp5qPG7NsGIra8Qw5QdUg=="
    },
    "cp-file": {
      "version": "7.0.0",
      "resolved": "https://registry.npmjs.org/cp-file/-/cp-file-7.0.0.tgz",
      "integrity": "sha512-0Cbj7gyvFVApzpK/uhCtQ/9kE9UnYpxMzaq5nQQC/Dh4iaj5fxp7iEFIullrYwzj8nf0qnsI1Qsx34hAeAebvw==",
      "requires": {
        "graceful-fs": "^4.1.2",
        "make-dir": "^3.0.0",
        "nested-error-stacks": "^2.0.0",
        "p-event": "^4.1.0"
      }
    },
    "date-time": {
      "version": "3.1.0",
      "resolved": "https://registry.npmjs.org/date-time/-/date-time-3.1.0.tgz",
      "integrity": "sha512-uqCUKXE5q1PNBXjPqvwhwJf9SwMoAHBgWJ6DcrnS5o+W2JOiIILl0JEdVD8SGujrNS02GGxgwAg2PN2zONgtjg==",
      "requires": {
        "time-zone": "^1.0.0"
      }
    },
    "dir-check": {
      "version": "1.0.0",
      "resolved": "https://registry.npmjs.org/dir-check/-/dir-check-1.0.0.tgz",
      "integrity": "sha1-gn9KQ/DOpVnwH8idIAHDMUK6TCo="
    },
    "dir-copy": {
      "version": "1.0.0",
      "resolved": "https://registry.npmjs.org/dir-copy/-/dir-copy-1.0.0.tgz",
      "integrity": "sha1-/BqF0Sx0XstPIShOecDeKA9wYTA="
    },
    "ensure-dir": {
      "version": "0.1.0",
      "resolved": "https://registry.npmjs.org/ensure-dir/-/ensure-dir-0.1.0.tgz",
      "integrity": "sha1-DNZC0NUFmHZ5GFGOy6I8DNnkJqo="
    },
    "file-check": {
      "version": "1.0.0",
      "resolved": "https://registry.npmjs.org/file-check/-/file-check-1.0.0.tgz",
      "integrity": "sha1-lkttEKaBK7GraJX2SCBgBiwBDhc="
    },
    "file-copy": {
      "version": "1.0.0",
      "resolved": "https://registry.npmjs.org/file-copy/-/file-copy-1.0.0.tgz",
      "integrity": "sha1-XIWDQQXPputSCkMaxPw2/4wROEA="
    },
    "fill-range": {
      "version": "7.0.1",
      "resolved": "https://registry.npmjs.org/fill-range/-/fill-range-7.0.1.tgz",
      "integrity": "sha512-qOo9F+dMUmC2Lcb4BbVvnKJxTPjCm+RRpe4gDuGrzkL7mEVl/djYSu2OdQ2Pa302N4oqkSg9ir6jaLWJ2USVpQ==",
      "requires": {
        "to-regex-range": "^5.0.1"
      }
    },
    "fs": {
      "version": "0.0.1-security",
      "resolved": "https://registry.npmjs.org/fs/-/fs-0.0.1-security.tgz",
      "integrity": "sha1-invTcYa23d84E/I4WLV+yq9eQdQ="
    },
    "fs-copy": {
      "version": "1.0.0",
      "resolved": "https://registry.npmjs.org/fs-copy/-/fs-copy-1.0.0.tgz",
      "integrity": "sha1-YgKZZ67wlw/hP4gVPEBQhaQuI/Q=",
      "requires": {
        "dir-check": "^1.0.0",
        "dir-copy": "^1.0.0",
        "file-check": "^1.0.0",
        "file-copy": "^1.0.0"
      }
    },
    "fs-extra": {
      "version": "8.1.0",
      "resolved": "https://registry.npmjs.org/fs-extra/-/fs-extra-8.1.0.tgz",
      "integrity": "sha512-yhlQgA6mnOJUKOsRUFsgJdQCvkKhcz8tlZG5HBQfReYZy46OwLcY+Zia0mtdHsOo9y/hP+CxMN0TU9QxoOtG4g==",
      "requires": {
        "graceful-fs": "^4.2.0",
        "jsonfile": "^4.0.0",
        "universalify": "^0.1.0"
      }
    },
    "fsevents": {
      "version": "2.0.7",
      "resolved": "https://registry.npmjs.org/fsevents/-/fsevents-2.0.7.tgz",
      "integrity": "sha512-a7YT0SV3RB+DjYcppwVDLtn13UQnmg0SWZS7ezZD0UjnLwXmy8Zm21GMVGLaFGimIqcvyMQaOJBrop8MyOp1kQ==",
      "optional": true
    },
    "glob-parent": {
      "version": "5.0.0",
      "resolved": "https://registry.npmjs.org/glob-parent/-/glob-parent-5.0.0.tgz",
      "integrity": "sha512-Z2RwiujPRGluePM6j699ktJYxmPpJKCfpGA13jz2hmFZC7gKetzrWvg5KN3+OsIFmydGyZ1AVwERCq1w/ZZwRg==",
      "requires": {
        "is-glob": "^4.0.1"
      }
    },
    "graceful-fs": {
      "version": "4.2.2",
      "resolved": "https://registry.npmjs.org/graceful-fs/-/graceful-fs-4.2.2.tgz",
      "integrity": "sha512-IItsdsea19BoLC7ELy13q1iJFNmd7ofZH5+X/pJr90/nRoPEX0DJo1dHDbgtYWOhJhcCgMDTOw84RZ72q6lB+Q=="
    },
    "is-binary-path": {
      "version": "2.1.0",
      "resolved": "https://registry.npmjs.org/is-binary-path/-/is-binary-path-2.1.0.tgz",
      "integrity": "sha512-ZMERYes6pDydyuGidse7OsHxtbI7WVeUEozgR/g7rd0xUimYNlvZRE/K2MgZTjWy725IfelLeVcEM97mmtRGXw==",
      "requires": {
        "binary-extensions": "^2.0.0"
      }
    },
    "is-extglob": {
      "version": "2.1.1",
      "resolved": "https://registry.npmjs.org/is-extglob/-/is-extglob-2.1.1.tgz",
      "integrity": "sha1-qIwCU1eR8C7TfHahueqXc8gz+MI="
    },
    "is-glob": {
      "version": "4.0.1",
      "resolved": "https://registry.npmjs.org/is-glob/-/is-glob-4.0.1.tgz",
      "integrity": "sha512-5G0tKtBTFImOqDnLB2hG6Bp2qcKEFduo4tZu9MT/H6NQv/ghhy30o55ufafxJ/LdH79LLs2Kfrn85TLKyA7BUg==",
      "requires": {
        "is-extglob": "^2.1.1"
      }
    },
    "is-number": {
      "version": "7.0.0",
      "resolved": "https://registry.npmjs.org/is-number/-/is-number-7.0.0.tgz",
      "integrity": "sha512-41Cifkg6e8TylSpdtTpeLVMqvSBEVzTttHvERD741+pnZ8ANv0004MRL43QKPDlK9cGvNp6NZWZUBlbGXYxxng=="
    },
    "jsonfile": {
      "version": "4.0.0",
      "resolved": "https://registry.npmjs.org/jsonfile/-/jsonfile-4.0.0.tgz",
      "integrity": "sha1-h3Gq4HmbZAdrdmQPygWPnBDjPss=",
      "requires": {
        "graceful-fs": "^4.1.6"
      }
    },
    "lodash": {
      "version": "4.17.15",
      "resolved": "https://registry.npmjs.org/lodash/-/lodash-4.17.15.tgz",
      "integrity": "sha512-8xOcRHvCjnocdS5cpwXQXVzmmh5e5+saE2QGoeQmbKmRS6J3VQppPOIt0MnmE+4xlZoumy0GPG0D0MVIQbNA1A=="
    },
    "make-dir": {
      "version": "3.0.0",
      "resolved": "https://registry.npmjs.org/make-dir/-/make-dir-3.0.0.tgz",
      "integrity": "sha512-grNJDhb8b1Jm1qeqW5R/O63wUo4UXo2v2HMic6YT9i/HBlF93S8jkMgH7yugvY9ABDShH4VZMn8I+U8+fCNegw==",
      "requires": {
        "semver": "^6.0.0"
      }
    },
    "nested-error-stacks": {
      "version": "2.1.0",
      "resolved": "https://registry.npmjs.org/nested-error-stacks/-/nested-error-stacks-2.1.0.tgz",
      "integrity": "sha512-AO81vsIO1k1sM4Zrd6Hu7regmJN1NSiAja10gc4bX3F0wd+9rQmcuHQaHVQCYIEC8iFXnE+mavh23GOt7wBgug=="
    },
    "node-webcam": {
      "version": "0.5.0",
      "resolved": "https://registry.npmjs.org/node-webcam/-/node-webcam-0.5.0.tgz",
      "integrity": "sha512-zvPfMns7GYFn4w47EJp9snBNf+WwcKsE321op/9qhlNHtyLXRsfuZigAqd1NtmBLwFm2mZoOtEgA8jioyTbhrw==",
      "requires": {
        "nopt": "*"
      }
    },
    "nopt": {
      "version": "4.0.1",
      "resolved": "https://registry.npmjs.org/nopt/-/nopt-4.0.1.tgz",
      "integrity": "sha1-0NRoWv1UFRk8jHUFYC0NF81kR00=",
      "requires": {
        "abbrev": "1",
        "osenv": "^0.1.4"
      }
    },
    "normalize-path": {
      "version": "3.0.0",
      "resolved": "https://registry.npmjs.org/normalize-path/-/normalize-path-3.0.0.tgz",
      "integrity": "sha512-6eZs5Ls3WtCisHWp9S2GUy8dqkpGi4BVSz3GaqiE6ezub0512ESztXUwUB6C6IKbQkY2Pnb/mD4WYojCRwcwLA=="
    },
    "os-homedir": {
      "version": "1.0.2",
      "resolved": "https://registry.npmjs.org/os-homedir/-/os-homedir-1.0.2.tgz",
      "integrity": "sha1-/7xJiDNuDoM94MFox+8VISGqf7M="
    },
    "os-tmpdir": {
      "version": "1.0.2",
      "resolved": "https://registry.npmjs.org/os-tmpdir/-/os-tmpdir-1.0.2.tgz",
      "integrity": "sha1-u+Z0BseaqFxc/sdm/lc0VV36EnQ="
    },
    "osenv": {
      "version": "0.1.5",
      "resolved": "https://registry.npmjs.org/osenv/-/osenv-0.1.5.tgz",
      "integrity": "sha512-0CWcCECdMVc2Rw3U5w9ZjqX6ga6ubk1xDVKxtBQPK7wis/0F2r9T6k4ydGYhecl7YUBxBVxhL5oisPsNxAPe2g==",
      "requires": {
        "os-homedir": "^1.0.0",
        "os-tmpdir": "^1.0.0"
      }
    },
    "p-event": {
      "version": "4.1.0",
      "resolved": "https://registry.npmjs.org/p-event/-/p-event-4.1.0.tgz",
      "integrity": "sha512-4vAd06GCsgflX4wHN1JqrMzBh/8QZ4j+rzp0cd2scXRwuBEv+QR3wrVA5aLhWDLw4y2WgDKvzWF3CCLmVM1UgA==",
      "requires": {
        "p-timeout": "^2.0.1"
      }
    },
    "p-finally": {
      "version": "1.0.0",
      "resolved": "https://registry.npmjs.org/p-finally/-/p-finally-1.0.0.tgz",
      "integrity": "sha1-P7z7FbiZpEEjs0ttzBi3JDNqLK4="
    },
    "p-timeout": {
      "version": "2.0.1",
      "resolved": "https://registry.npmjs.org/p-timeout/-/p-timeout-2.0.1.tgz",
      "integrity": "sha512-88em58dDVB/KzPEx1X0N3LwFfYZPyDc4B6eF38M1rk9VTZMbxXXgjugz8mmwpS9Ox4BDZ+t6t3QP5+/gazweIA==",
      "requires": {
        "p-finally": "^1.0.0"
      }
    },
    "picomatch": {
      "version": "2.0.7",
      "resolved": "https://registry.npmjs.org/picomatch/-/picomatch-2.0.7.tgz",
      "integrity": "sha512-oLHIdio3tZ0qH76NybpeneBhYVj0QFTfXEFTc/B3zKQspYfYYkWYgFsmzo+4kvId/bQRcNkVeguI3y+CD22BtA=="
    },
    "print-js": {
      "version": "1.0.61",
      "resolved": "https://registry.npmjs.org/print-js/-/print-js-1.0.61.tgz",
      "integrity": "sha512-H/GhVZMroI7qqXH+6LrtFacLOcapRIUrcJD4F4BONZFTk6VtmGC2dqQydzW4RYJpfsCxNUg2Tyi7A46zKC3wmQ=="
    },
    "readdirp": {
      "version": "3.1.2",
      "resolved": "https://registry.npmjs.org/readdirp/-/readdirp-3.1.2.tgz",
      "integrity": "sha512-8rhl0xs2cxfVsqzreYCvs8EwBfn/DhVdqtoLmw19uI3SC5avYX9teCurlErfpPXGmYtMHReGaP2RsLnFvz/lnw==",
      "requires": {
        "picomatch": "^2.0.4"
      }
    },
    "really-simple-args": {
      "version": "1.1.1",
      "resolved": "https://registry.npmjs.org/really-simple-args/-/really-simple-args-1.1.1.tgz",
      "integrity": "sha512-lWhO/UUXS4ehfJePPf1zhLunw/z+k0V5yE81kKkgg6R0FZoI9qgyyHmjz9CadhDPs+DS6TvJtmTC4dOnBSF6tQ=="
    },
    "semver": {
      "version": "6.3.0",
      "resolved": "https://registry.npmjs.org/semver/-/semver-6.3.0.tgz",
      "integrity": "sha512-b39TBaTSfV6yBrapU89p5fKekE2m/NwnDocOVruQFS1/veMgdzuPcnOM34M6CwxW8jH/lxEa5rBoDeUwu5HHTw=="
    },
    "time-zone": {
      "version": "1.0.0",
      "resolved": "https://registry.npmjs.org/time-zone/-/time-zone-1.0.0.tgz",
      "integrity": "sha1-mcW/VZWJZq9tBtg73zgA3IL67F0="
    },
    "to-regex-range": {
      "version": "5.0.1",
      "resolved": "https://registry.npmjs.org/to-regex-range/-/to-regex-range-5.0.1.tgz",
      "integrity": "sha512-65P7iz6X5yEr1cwcgvQxbbIw7Uk3gOy5dIdtZ4rDveLqhrdJP+Li/Hx6tyK0NEb+2GCyneCMJiGqrADCSNk8sQ==",
      "requires": {
        "is-number": "^7.0.0"
      }
    },
    "tree-kill": {
      "version": "1.2.1",
      "resolved": "https://registry.npmjs.org/tree-kill/-/tree-kill-1.2.1.tgz",
      "integrity": "sha512-4hjqbObwlh2dLyW4tcz0Ymw0ggoaVDMveUB9w8kFSQScdRLo0gxO9J7WFcUBo+W3C1TLdFIEwNOWebgZZ0RH9Q=="
    },
    "universalify": {
      "version": "0.1.2",
      "resolved": "https://registry.npmjs.org/universalify/-/universalify-0.1.2.tgz",
      "integrity": "sha512-rBJeI5CXAlmy1pV+617WB9J63U6XcazHHF2f2dbJix4XzpUF0RS3Zbj0FGIOCAva5P/d/GBOYaACQ1w+0azUkg=="
    }
  }
}
